
Microsoft Visual Studio Solution File, Format Version 12.00
# Visual Studio Version 17
VisualStudioVersion = 17.7.34221.43
MinimumVisualStudioVersion = 10.0.40219.1
Project("{FAE04EC0-301F-11D3-BF4B-00C04F79EFBC}") = "Serilog.BestPractices", "src\Serilog.BestPractices.csproj", "{A9E65574-EF0D-472F-A3F3-BB3325584CDA}"
EndProject
Global
	GlobalSection(SolutionConfigurationPlatforms) = preSolution
		Debug|Any CPU = Debug|Any CPU
		Release|Any CPU = Release|Any CPU
	EndGlobalSection
	GlobalSection(ProjectConfigurationPlatforms) = postSolution
		{A9E65574-EF0D-472F-A3F3-BB3325584CDA}.Debug|Any CPU.ActiveCfg = Debug|Any CPU
		{A9E65574-EF0D-472F-A3F3-BB3325584CDA}.Debug|Any CPU.Build.0 = Debug|Any CPU
		{A9E65574-EF0D-472F-A3F3-BB3325584CDA}.Release|Any CPU.ActiveCfg = Release|Any CPU
		{A9E65574-EF0D-472F-A3F3-BB3325584CDA}.Release|Any CPU.Build.0 = Release|Any CPU
	EndGlobalSection
	GlobalSection(SolutionProperties) = preSolution
		HideSolutionNode = FALSE
	EndGlobalSection
	GlobalSection(ExtensibilityGlobals) = postSolution
		SolutionGuid = {86E5482A-E344-4FE8-9AC6-9C34C179D9E9}
	EndGlobalSection
EndGlobal
